# THIS IS AN AUTOGENERATED FILE. DO NOT EDIT THIS FILE DIRECTLY.
# yarn lockfile v1


"@hapi/address@^2.1.2":
  version "2.1.4"
  resolved "https://registry.yarnpkg.com/@hapi/address/-/address-2.1.4.tgz#5d67ed43f3fd41a69d4b9ff7b56e7c0d1d0a81e5"
  integrity sha512-QD1PhQk+s31P1ixsX0H0Suoupp3VMXzIVMSwobR3F3MSUO2YCV0B7xqLcUw/Bh8yuvd3LhpyqLQWTNcRmp6IdQ==

"@hapi/boom@7.x.x":
  version "7.4.11"
  resolved "https://registry.yarnpkg.com/@hapi/boom/-/boom-7.4.11.tgz#37af8417eb9416aef3367aa60fa04a1a9f1fc262"
  integrity sha512-VSU/Cnj1DXouukYxxkes4nNJonCnlogHvIff1v1RVoN4xzkKhMXX+GRmb3NyH1iar10I9WFPDv2JPwfH3GaV0A==
  dependencies:
    "@hapi/hoek" "8.x.x"

"@hapi/bourne@1.x.x":
  version "1.3.2"
  resolved "https://registry.yarnpkg.com/@hapi/bourne/-/bourne-1.3.2.tgz#0a7095adea067243ce3283e1b56b8a8f453b242a"
  integrity sha512-1dVNHT76Uu5N3eJNTYcvxee+jzX4Z9lfciqRRHCU27ihbUcYi+iSc2iml5Ke1LXe1SyJCLA0+14Jh4tXJgOppA==

"@hapi/formula@^1.2.0":
  version "1.2.0"
  resolved "https://registry.yarnpkg.com/@hapi/formula/-/formula-1.2.0.tgz#994649c7fea1a90b91a0a1e6d983523f680e10cd"
  integrity sha512-UFbtbGPjstz0eWHb+ga/GM3Z9EzqKXFWIbSOFURU0A/Gku0Bky4bCk9/h//K2Xr3IrCfjFNhMm4jyZ5dbCewGA==

"@hapi/hoek@8.x.x", "@hapi/hoek@^8.2.4", "@hapi/hoek@^8.3.0", "@hapi/hoek@^8.5.0":
  version "8.5.1"
  resolved "https://registry.yarnpkg.com/@hapi/hoek/-/hoek-8.5.1.tgz#fde96064ca446dec8c55a8c2f130957b070c6e06"
  integrity sha512-yN7kbciD87WzLGc5539Tn0sApjyiGHAJgKvG9W8C7O+6c7qmoQMfVs0W4bX17eqz6C78QJqqFrtgdK5EWf6Qow==

"@hapi/joi@^16.1.8":
  version "16.1.8"
  resolved "https://registry.yarnpkg.com/@hapi/joi/-/joi-16.1.8.tgz#84c1f126269489871ad4e2decc786e0adef06839"
  integrity sha512-wAsVvTPe+FwSrsAurNt5vkg3zo+TblvC5Bb1zMVK6SJzZqw9UrJnexxR+76cpePmtUZKHAPxcQ2Bf7oVHyahhg==
  dependencies:
    "@hapi/address" "^2.1.2"
    "@hapi/formula" "^1.2.0"
    "@hapi/hoek" "^8.2.4"
    "@hapi/pinpoint" "^1.0.2"
    "@hapi/topo" "^3.1.3"

"@hapi/pinpoint@^1.0.2":
  version "1.0.2"
  resolved "https://registry.yarnpkg.com/@hapi/pinpoint/-/pinpoint-1.0.2.tgz#025b7a36dbbf4d35bf1acd071c26b20ef41e0d13"
  integrity sha512-dtXC/WkZBfC5vxscazuiJ6iq4j9oNx1SHknmIr8hofarpKUZKmlUVYVIhNVzIEgK5Wrc4GMHL5lZtt1uS2flmQ==

"@hapi/topo@^3.1.3":
  version "3.1.6"
  resolved "https://registry.yarnpkg.com/@hapi/topo/-/topo-3.1.6.tgz#68d935fa3eae7fdd5ab0d7f953f3205d8b2bfc29"
  integrity sha512-tAag0jEcjwH+P2quUfipd7liWCNX2F8NvYjQp2wtInsZxnMlypdw0FtAOLxtvvkO+GSRRbmNi8m/5y42PQJYCQ==
  dependencies:
    "@hapi/hoek" "^8.3.0"

"@hapi/wreck@^15.1.0":
  version "15.1.0"
  resolved "https://registry.yarnpkg.com/@hapi/wreck/-/wreck-15.1.0.tgz#7917cd25950ce9b023f7fd2bea6e2ef72c71e59d"
  integrity sha512-tQczYRTTeYBmvhsek/D49En/5khcShaBEmzrAaDjMrFXKJRuF8xA8+tlq1ETLBFwGd6Do6g2OC74rt11kzawzg==
  dependencies:
    "@hapi/boom" "7.x.x"
    "@hapi/bourne" "1.x.x"
    "@hapi/hoek" "8.x.x"

"@socialgouv/dila-api-client@^1.1.0":
  version "1.1.0"
  resolved "https://registry.yarnpkg.com/@socialgouv/dila-api-client/-/dila-api-client-1.1.0.tgz#ee8492e61171b91aafa472f9ee7c30ad960f1058"
  integrity sha512-ZQGJOUyeSmvsf6QqMq/Ssgpo3rwfd78QUK2INvKEbHHNSxJrhTdDjmQ0/tjf6f/Qx0EqdJpbD6SViHGut1MyBQ==
  dependencies:
    debug "^4.1.1"
    node-fetch "^2.6.0"
    p-all "^2.1.0"
    simple-oauth2 "^3.1.0"

aggregate-error@^3.0.0:
  version "3.0.1"
  resolved "https://registry.yarnpkg.com/aggregate-error/-/aggregate-error-3.0.1.tgz#db2fe7246e536f40d9b5442a39e117d7dd6a24e0"
  integrity sha512-quoaXsZ9/BLNae5yiNoUz+Nhkwz83GhWwtYFglcjEQB2NDHCIpApbqXxIFnm4Pq/Nvhrsq5sYJFyohrrxnTGAA==
  dependencies:
    clean-stack "^2.0.0"
    indent-string "^4.0.0"

clean-stack@^2.0.0:
  version "2.2.0"
  resolved "https://registry.yarnpkg.com/clean-stack/-/clean-stack-2.2.0.tgz#ee8472dbb129e727b31e8a10a427dee9dfe4008b"
  integrity sha512-4diC9HaTE+KRAMWhDhrGOECgWZxoevMc5TlkObMqNSsVU62PYzXZ/SMTjzyGAFF1YusgxGcSWTEXBhp0CPwQ1A==

date-fns@^2.9.0:
  version "2.9.0"
  resolved "https://registry.yarnpkg.com/date-fns/-/date-fns-2.9.0.tgz#d0b175a5c37ed5f17b97e2272bbc1fa5aec677d2"
  integrity sha512-khbFLu/MlzLjEzy9Gh8oY1hNt/Dvxw3J6Rbc28cVoYWQaC1S3YI4xwkF9ZWcjDLscbZlY9hISMr66RFzZagLsA==

debug@^4.1.1:
  version "4.1.1"
  resolved "https://registry.yarnpkg.com/debug/-/debug-4.1.1.tgz#3b72260255109c6b589cee050f1d516139664791"
  integrity sha512-pYAIzeRo8J6KPEaJ0VWOh5Pzkbw/RetuzehGM7QRRX5he4fPHx2rdKMB256ehJCkX+XRQm16eZLqLNS8RSZXZw==
  dependencies:
    ms "^2.1.1"

esm@^3.2.25:
  version "3.2.25"
  resolved "https://registry.yarnpkg.com/esm/-/esm-3.2.25.tgz#342c18c29d56157688ba5ce31f8431fbb795cc10"
  integrity sha512-U1suiZ2oDVWv4zPO56S0NcR5QriEahGtdN2OR6FiOG4WJvcjBVFB0qI4+eKoWFH483PKGuLuu6V8Z4T5g63UVA==

eventemitter3@^4.0.0:
  version "4.0.0"
  resolved "https://registry.yarnpkg.com/eventemitter3/-/eventemitter3-4.0.0.tgz#d65176163887ee59f386d64c82610b696a4a74eb"
  integrity sha512-qerSRB0p+UDEssxTtm6EDKcE7W4OaoisfIMl4CngyEhjpYglocpNg6UEqCvemdGhosAsg4sO2dXJOdyBifPGCg==

flatmap@0.0.3:
  version "0.0.3"
  resolved "https://registry.yarnpkg.com/flatmap/-/flatmap-0.0.3.tgz#1f18a4d938152d495965f9c958d923ab2dd669b4"
  integrity sha1-Hxik2TgVLUlZZfnJWNkjqy3WabQ=

indent-string@^4.0.0:
  version "4.0.0"
  resolved "https://registry.yarnpkg.com/indent-string/-/indent-string-4.0.0.tgz#624f8f4497d619b2d9768531d58f4122854d7251"
  integrity sha512-EdDDZu4A2OyIK7Lr/2zG+w5jmbuk1DVBnEwREQvBzspBJkCEbRa8GxU1lghYcaGJCnRWibjDXlq779X1/y5xwg==

ms@^2.1.1:
  version "2.1.2"
  resolved "https://registry.yarnpkg.com/ms/-/ms-2.1.2.tgz#d09d1f357b443f493382a8eb3ccd183872ae6009"
  integrity sha512-sGkPx+VjMtmA6MX27oA4FBFELFCZZ4S4XqeGOXCv68tT+jb3vk/RyaKWP0PTKyWtmLSM0b+adUTEvbs1PEaH2w==

node-fetch@^2.6.0:
  version "2.6.1"
  resolved "https://registry.yarnpkg.com/node-fetch/-/node-fetch-2.6.1.tgz#045bd323631f76ed2e2b55573394416b639a0052"
  integrity sha512-V4aYg89jEoVRxRb2fJdAg8FHvI7cEyYdVAh94HH0UIK8oJxUfkjlDQN9RbMx+bEjP7+ggMiFRprSti032Oipxw==

p-all@^2.1.0:
  version "2.1.0"
  resolved "https://registry.yarnpkg.com/p-all/-/p-all-2.1.0.tgz#91419be56b7dee8fe4c5db875d55e0da084244a0"
  integrity sha512-HbZxz5FONzz/z2gJfk6bFca0BCiSRF8jU3yCsWOen/vR6lZjfPOu/e7L3uFzTW1i0H8TlC3vqQstEJPQL4/uLA==
  dependencies:
    p-map "^2.0.0"

p-finally@^1.0.0:
  version "1.0.0"
  resolved "https://registry.yarnpkg.com/p-finally/-/p-finally-1.0.0.tgz#3fbcfb15b899a44123b34b6dcc18b724336a2cae"
  integrity sha1-P7z7FbiZpEEjs0ttzBi3JDNqLK4=

p-map@^2.0.0:
  version "2.1.0"
  resolved "https://registry.yarnpkg.com/p-map/-/p-map-2.1.0.tgz#310928feef9c9ecc65b68b17693018a665cea175"
  integrity sha512-y3b8Kpd8OAN444hxfBbFfj1FY/RjtTd8tzYwhUqNYXx0fXx2iX4maP4Qr6qhIKbQXI02wTLAda4fYUbDagTUFw==

p-map@^3.0.0:
  version "3.0.0"
  resolved "https://registry.yarnpkg.com/p-map/-/p-map-3.0.0.tgz#d704d9af8a2ba684e2600d9a215983d4141a979d"
  integrity sha512-d3qXVTF/s+W+CdJ5A29wywV2n8CQQYahlgz2bFiA+4eVNJbHJodPZ+/gXwPGh0bOqA+j8S+6+ckmvLGPk1QpxQ==
  dependencies:
    aggregate-error "^3.0.0"

p-pipe@^3.0.0:
  version "3.0.0"
  resolved "https://registry.yarnpkg.com/p-pipe/-/p-pipe-3.0.0.tgz#ab1fb87c0b8dd79b3bb03a8a23680fc9d054e132"
  integrity sha512-gwwdRFmaxsT3IU+Tl3vYKVRdjfhg8Bbdjw7B+E0y6F7Yz6l+eaQLn0BRmGMXIhcPDONPtOkMoNwx1etZh4zPJA==

p-queue@^6.3.0:
  version "6.3.0"
  resolved "https://registry.yarnpkg.com/p-queue/-/p-queue-6.3.0.tgz#19bfa4485db7e6a0c135049ff6716375880d9c3a"
  integrity sha512-fg5dJlFpd5+3CgG3/0ogpVZUeJbjiyXFg0nu53hrOYsybqSiDyxyOpad0Rm6tAiGjgztAwkyvhlYHC53OiAJOA==
  dependencies:
    eventemitter3 "^4.0.0"
    p-timeout "^3.1.0"

p-timeout@^3.1.0:
  version "3.2.0"
  resolved "https://registry.yarnpkg.com/p-timeout/-/p-timeout-3.2.0.tgz#c7e17abc971d2a7962ef83626b35d635acf23dfe"
  integrity sha512-rhIwUycgwwKcP9yTOOFK/AKsAopjjCakVqLHePO3CC6Mir1Z99xT+R63jZxAT5lFZLa2inS5h+ZS2GvR99/FBg==
  dependencies:
    p-finally "^1.0.0"

simple-oauth2@^3.1.0:
  version "3.3.0"
  resolved "https://registry.yarnpkg.com/simple-oauth2/-/simple-oauth2-3.3.0.tgz#c97c48a809669d6f303b166397ba925a25474215"
  integrity sha512-mBWkLHH7XY6WSy271j6CeEHuGN61K/TeUawXpX0K9tsLnlrqt9bpXYR/tYMI6+o6QWqSdvVaItGlZKOfMVFOGA==
  dependencies:
    "@hapi/hoek" "^8.5.0"
    "@hapi/joi" "^16.1.8"
    "@hapi/wreck" "^15.1.0"
    date-fns "^2.9.0"
    debug "^4.1.1"

unist-util-filter@^2.0.2:
  version "2.0.2"
  resolved "https://registry.yarnpkg.com/unist-util-filter/-/unist-util-filter-2.0.2.tgz#b6cc310691d4b738782bdae3a7945f3d916a0e96"
  integrity sha512-yHcR4YpvFzKx8EN9i2HhTORIR3zYC6YwsW6b2nuk8EI/3gps2YC008S+KJRyNuPViqScYQdrI67ceOryNL9EUQ==
  dependencies:
    flatmap "0.0.3"
    unist-util-is "^4.0.0"

unist-util-flat-filter@^1.0.0:
  version "1.0.0"
  resolved "https://registry.yarnpkg.com/unist-util-flat-filter/-/unist-util-flat-filter-1.0.0.tgz#44972de80c889462c444da8878f5576568a113c6"
  integrity sha512-zjTmbMgyL1V7iUCnFaGLms9HtGbqK4d3YINqzu+wiMbau93GdiDGtJiB8lMhAyxAaxIAK2rOCeBCldF0FUreKQ==
  dependencies:
    unist-util-is "^4.0.0"

unist-util-is@^4.0.0:
  version "4.0.2"
  resolved "https://registry.yarnpkg.com/unist-util-is/-/unist-util-is-4.0.2.tgz#c7d1341188aa9ce5b3cff538958de9895f14a5de"
  integrity sha512-Ofx8uf6haexJwI1gxWMGg6I/dLnF2yE+KibhD3/diOqY2TinLcqHXCV6OI5gFVn3xQqDH+u0M625pfKwIwgBKQ==
